
Microsoft Visual Studio Solution File, Format Version 12.00
# Visual Studio Version 16
VisualStudioVersion = 16.0.29709.97
MinimumVisualStudioVersion = 10.0.40219.1
Project("{FAE04EC0-301F-11D3-BF4B-00C04F79EFBC}") = "SOLID_Open_Closed_Principle", "SOLID_Open_Closed_Principle\SOLID_Open_Closed_Principle.csproj", "{F7887683-8019-4349-8D91-3267930728FC}"
EndProject
Project("{FAE04EC0-301F-11D3-BF4B-00C04F79EFBC}") = "NoOCPLibrary", "NoOCP\NoOCPLibrary.csproj", "{0143A5AE-7746-415D-8CBC-DD15ED40694F}"
EndProject
Project("{FAE04EC0-301F-11D3-BF4B-00C04F79EFBC}") = "OCPLibrary", "OCPLibrary\OCPLibrary.csproj", "{86927E93-7AF7-41B8-A09A-76C1B864CCF7}"
EndProject
Global
	GlobalSection(SolutionConfigurationPlatforms) = preSolution
		Debug|Any CPU = Debug|Any CPU
		Release|Any CPU = Release|Any CPU
	EndGlobalSection
	GlobalSection(ProjectConfigurationPlatforms) = postSolution
		{F7887683-8019-4349-8D91-3267930728FC}.Debug|Any CPU.ActiveCfg = Debug|Any CPU
		{F7887683-8019-4349-8D91-3267930728FC}.Debug|Any CPU.Build.0 = Debug|Any CPU
		{F7887683-8019-4349-8D91-3267930728FC}.Release|Any CPU.ActiveCfg = Release|Any CPU
		{F7887683-8019-4349-8D91-3267930728FC}.Release|Any CPU.Build.0 = Release|Any CPU
		{0143A5AE-7746-415D-8CBC-DD15ED40694F}.Debug|Any CPU.ActiveCfg = Debug|Any CPU
		{0143A5AE-7746-415D-8CBC-DD15ED40694F}.Debug|Any CPU.Build.0 = Debug|Any CPU
		{0143A5AE-7746-415D-8CBC-DD15ED40694F}.Release|Any CPU.ActiveCfg = Release|Any CPU
		{0143A5AE-7746-415D-8CBC-DD15ED40694F}.Release|Any CPU.Build.0 = Release|Any CPU
		{86927E93-7AF7-41B8-A09A-76C1B864CCF7}.Debug|Any CPU.ActiveCfg = Debug|Any CPU
		{86927E93-7AF7-41B8-A09A-76C1B864CCF7}.Debug|Any CPU.Build.0 = Debug|Any CPU
		{86927E93-7AF7-41B8-A09A-76C1B864CCF7}.Release|Any CPU.ActiveCfg = Release|Any CPU
		{86927E93-7AF7-41B8-A09A-76C1B864CCF7}.Release|Any CPU.Build.0 = Release|Any CPU
	EndGlobalSection
	GlobalSection(SolutionProperties) = preSolution
		HideSolutionNode = FALSE
	EndGlobalSection
	GlobalSection(ExtensibilityGlobals) = postSolution
		SolutionGuid = {802D05B4-C733-4495-A785-11E6C7859DAF}
	EndGlobalSection
EndGlobal
