
Microsoft Visual Studio Solution File, Format Version 12.00
# Visual Studio Version 16
VisualStudioVersion = 16.0.29709.97
MinimumVisualStudioVersion = 10.0.40219.1
Project("{FAE04EC0-301F-11D3-BF4B-00C04F79EFBC}") = "SOLID_Dependency_Inversion_Principle", "SOLID_Dependency_Inversion_Principle\SOLID_Dependency_Inversion_Principle.csproj", "{0BAB8EFD-EA61-4B95-B787-568469540547}"
EndProject
Project("{FAE04EC0-301F-11D3-BF4B-00C04F79EFBC}") = "DIPLibrary", "DIPLibrary\DIPLibrary.csproj", "{564FE840-0D7E-4BB8-B81C-28ECD0B5D836}"
EndProject
Project("{FAE04EC0-301F-11D3-BF4B-00C04F79EFBC}") = "NoDIPLibrary", "NoDIPLibrary\NoDIPLibrary.csproj", "{129CD1FD-DC83-49A5-833E-47F4160CCCC4}"
EndProject
Global
	GlobalSection(SolutionConfigurationPlatforms) = preSolution
		Debug|Any CPU = Debug|Any CPU
		Release|Any CPU = Release|Any CPU
	EndGlobalSection
	GlobalSection(ProjectConfigurationPlatforms) = postSolution
		{0BAB8EFD-EA61-4B95-B787-568469540547}.Debug|Any CPU.ActiveCfg = Debug|Any CPU
		{0BAB8EFD-EA61-4B95-B787-568469540547}.Debug|Any CPU.Build.0 = Debug|Any CPU
		{0BAB8EFD-EA61-4B95-B787-568469540547}.Release|Any CPU.ActiveCfg = Release|Any CPU
		{0BAB8EFD-EA61-4B95-B787-568469540547}.Release|Any CPU.Build.0 = Release|Any CPU
		{564FE840-0D7E-4BB8-B81C-28ECD0B5D836}.Debug|Any CPU.ActiveCfg = Debug|Any CPU
		{564FE840-0D7E-4BB8-B81C-28ECD0B5D836}.Debug|Any CPU.Build.0 = Debug|Any CPU
		{564FE840-0D7E-4BB8-B81C-28ECD0B5D836}.Release|Any CPU.ActiveCfg = Release|Any CPU
		{564FE840-0D7E-4BB8-B81C-28ECD0B5D836}.Release|Any CPU.Build.0 = Release|Any CPU
		{129CD1FD-DC83-49A5-833E-47F4160CCCC4}.Debug|Any CPU.ActiveCfg = Debug|Any CPU
		{129CD1FD-DC83-49A5-833E-47F4160CCCC4}.Debug|Any CPU.Build.0 = Debug|Any CPU
		{129CD1FD-DC83-49A5-833E-47F4160CCCC4}.Release|Any CPU.ActiveCfg = Release|Any CPU
		{129CD1FD-DC83-49A5-833E-47F4160CCCC4}.Release|Any CPU.Build.0 = Release|Any CPU
	EndGlobalSection
	GlobalSection(SolutionProperties) = preSolution
		HideSolutionNode = FALSE
	EndGlobalSection
	GlobalSection(ExtensibilityGlobals) = postSolution
		SolutionGuid = {504F97BA-873B-441A-85D6-8596B025969B}
	EndGlobalSection
EndGlobal
